
Microsoft Visual Studio Solution File, Format Version 12.00
# Visual Studio Version 17
VisualStudioVersion = 17.2.32630.192
MinimumVisualStudioVersion = 10.0.40219.1
Project("{FAE04EC0-301F-11D3-BF4B-00C04F79EFBC}") = "DonutShopLab", "DonutShopLab\DonutShopLab.csproj", "{3A2EE4EE-902E-4BBA-BFED-48A6C004172C}"
EndProject
Global
	GlobalSection(SolutionConfigurationPlatforms) = preSolution
		Debug|Any CPU = Debug|Any CPU
		Release|Any CPU = Release|Any CPU
	EndGlobalSection
	GlobalSection(ProjectConfigurationPlatforms) = postSolution
		{3A2EE4EE-902E-4BBA-BFED-48A6C004172C}.Debug|Any CPU.ActiveCfg = Debug|Any CPU
		{3A2EE4EE-902E-4BBA-BFED-48A6C004172C}.Debug|Any CPU.Build.0 = Debug|Any CPU
		{3A2EE4EE-902E-4BBA-BFED-48A6C004172C}.Release|Any CPU.ActiveCfg = Release|Any CPU
		{3A2EE4EE-902E-4BBA-BFED-48A6C004172C}.Release|Any CPU.Build.0 = Release|Any CPU
	EndGlobalSection
	GlobalSection(SolutionProperties) = preSolution
		HideSolutionNode = FALSE
	EndGlobalSection
	GlobalSection(ExtensibilityGlobals) = postSolution
		SolutionGuid = {4B632FF9-C301-4ACA-A4F4-E8A658D1408A}
	EndGlobalSection
EndGlobal
